
Microsoft Visual Studio Solution File, Format Version 12.00
# Visual Studio Version 16
VisualStudioVersion = 16.0.31911.196
MinimumVisualStudioVersion = 10.0.40219.1
Project("{8BC9CEB8-8B4A-11D0-8D11-00A0C91BC942}") = "mp2_lab6_Polynom", "mp2_lab6_Polynom.vcxproj", "{76FD138B-F98C-413F-B376-AE2C4720934D}"
EndProject
Project("{8BC9CEB8-8B4A-11D0-8D11-00A0C91BC942}") = "TestPolynom", "TestPolynom\TestPolynom.vcxproj", "{4BBAB124-ABD5-4BF8-8285-DA7E22FDECB2}"
EndProject
Global
	GlobalSection(SolutionConfigurationPlatforms) = preSolution
		Debug|Any CPU = Debug|Any CPU
		Debug|x64 = Debug|x64
		Debug|x86 = Debug|x86
		Release|Any CPU = Release|Any CPU
		Release|x64 = Release|x64
		Release|x86 = Release|x86
	EndGlobalSection
	GlobalSection(ProjectConfigurationPlatforms) = postSolution
		{76FD138B-F98C-413F-B376-AE2C4720934D}.Debug|Any CPU.ActiveCfg = Debug|Win32
		{76FD138B-F98C-413F-B376-AE2C4720934D}.Debug|x64.ActiveCfg = Debug|x64
		{76FD138B-F98C-413F-B376-AE2C4720934D}.Debug|x64.Build.0 = Debug|x64
		{76FD138B-F98C-413F-B376-AE2C4720934D}.Debug|x86.ActiveCfg = Debug|Win32
		{76FD138B-F98C-413F-B376-AE2C4720934D}.Debug|x86.Build.0 = Debug|Win32
		{76FD138B-F98C-413F-B376-AE2C4720934D}.Release|Any CPU.ActiveCfg = Release|Win32
		{76FD138B-F98C-413F-B376-AE2C4720934D}.Release|x64.ActiveCfg = Release|x64
		{76FD138B-F98C-413F-B376-AE2C4720934D}.Release|x64.Build.0 = Release|x64
		{76FD138B-F98C-413F-B376-AE2C4720934D}.Release|x86.ActiveCfg = Release|Win32
		{76FD138B-F98C-413F-B376-AE2C4720934D}.Release|x86.Build.0 = Release|Win32
		{4BBAB124-ABD5-4BF8-8285-DA7E22FDECB2}.Debug|Any CPU.ActiveCfg = Debug|Win32
		{4BBAB124-ABD5-4BF8-8285-DA7E22FDECB2}.Debug|x64.ActiveCfg = Debug|x64
		{4BBAB124-ABD5-4BF8-8285-DA7E22FDECB2}.Debug|x64.Build.0 = Debug|x64
		{4BBAB124-ABD5-4BF8-8285-DA7E22FDECB2}.Debug|x86.ActiveCfg = Debug|Win32
		{4BBAB124-ABD5-4BF8-8285-DA7E22FDECB2}.Debug|x86.Build.0 = Debug|Win32
		{4BBAB124-ABD5-4BF8-8285-DA7E22FDECB2}.Release|Any CPU.ActiveCfg = Release|Win32
		{4BBAB124-ABD5-4BF8-8285-DA7E22FDECB2}.Release|x64.ActiveCfg = Release|x64
		{4BBAB124-ABD5-4BF8-8285-DA7E22FDECB2}.Release|x64.Build.0 = Release|x64
		{4BBAB124-ABD5-4BF8-8285-DA7E22FDECB2}.Release|x86.ActiveCfg = Release|Win32
		{4BBAB124-ABD5-4BF8-8285-DA7E22FDECB2}.Release|x86.Build.0 = Release|Win32
	EndGlobalSection
	GlobalSection(SolutionProperties) = preSolution
		HideSolutionNode = FALSE
	EndGlobalSection
	GlobalSection(ExtensibilityGlobals) = postSolution
		SolutionGuid = {01855001-9376-4854-910A-F3F038E2B42E}
	EndGlobalSection
EndGlobal
